
Microsoft Visual Studio Solution File, Format Version 12.00
# Visual Studio Version 17
VisualStudioVersion = 17.0.31903.59
MinimumVisualStudioVersion = 10.0.40219.1
Project("{FAE04EC0-301F-11D3-BF4B-00C04F79EFBC}") = "ANTHEA.Core", "X.Core\X.Core.csproj", "{EECC308C-FD02-458E-8FF1-18D72A3E724E}"
EndProject
Project("{FAE04EC0-301F-11D3-BF4B-00C04F79EFBC}") = "ANTHEA.Desktop", "X.Desktop\X.Desktop.csproj", "{F1AC66D5-7D08-4262-8057-85635F858179}"
EndProject
Project("{FAE04EC0-301F-11D3-BF4B-00C04F79EFBC}") = "ANTHEA.Verifiche", "supporto\test\X.Verifiche\X.Verifiche.csproj", "{B99DCCCA-9B34-4929-B8C1-757ABB053C4A}"
EndProject
Project("{FAE04EC0-301F-11D3-BF4B-00C04F79EFBC}") = "X.Calculations", "X.Calculations\X.Calculations.csproj", "{C99FF862-C296-45BC-B4B6-A510575AFB45}"
EndProject
Project("{2150E333-8FDC-42A3-9474-1A3956D46DE8}") = "supporto", "supporto", "{215D1AF5-4F65-4E05-97A6-52EEE85E4A63}"
EndProject
Project("{2150E333-8FDC-42A3-9474-1A3956D46DE8}") = "test", "test", "{484BECB7-5340-4C46-A73B-EC4B97ECE38C}"
EndProject
Project("{FAE04EC0-301F-11D3-BF4B-00C04F79EFBC}") = "CalculationLibrary.Checks", "supporto\test\CalculationLibrary.Checks\CalculationLibrary.Checks.csproj", "{E567CAD2-5F00-49D3-8705-A0453C3C68D4}"
EndProject
Global
	GlobalSection(SolutionConfigurationPlatforms) = preSolution
		Debug|Any CPU = Debug|Any CPU
		Debug|x64 = Debug|x64
		Debug|x86 = Debug|x86
		Release|Any CPU = Release|Any CPU
		Release|x64 = Release|x64
		Release|x86 = Release|x86
	EndGlobalSection
	GlobalSection(ProjectConfigurationPlatforms) = postSolution
		{EECC308C-FD02-458E-8FF1-18D72A3E724E}.Debug|Any CPU.ActiveCfg = Debug|Any CPU
		{EECC308C-FD02-458E-8FF1-18D72A3E724E}.Debug|Any CPU.Build.0 = Debug|Any CPU
		{EECC308C-FD02-458E-8FF1-18D72A3E724E}.Debug|x64.ActiveCfg = Debug|Any CPU
		{EECC308C-FD02-458E-8FF1-18D72A3E724E}.Debug|x64.Build.0 = Debug|Any CPU
		{EECC308C-FD02-458E-8FF1-18D72A3E724E}.Debug|x86.ActiveCfg = Debug|Any CPU
		{EECC308C-FD02-458E-8FF1-18D72A3E724E}.Debug|x86.Build.0 = Debug|Any CPU
		{EECC308C-FD02-458E-8FF1-18D72A3E724E}.Release|Any CPU.ActiveCfg = Release|Any CPU
		{EECC308C-FD02-458E-8FF1-18D72A3E724E}.Release|Any CPU.Build.0 = Release|Any CPU
		{EECC308C-FD02-458E-8FF1-18D72A3E724E}.Release|x64.ActiveCfg = Release|Any CPU
		{EECC308C-FD02-458E-8FF1-18D72A3E724E}.Release|x64.Build.0 = Release|Any CPU
		{EECC308C-FD02-458E-8FF1-18D72A3E724E}.Release|x86.ActiveCfg = Release|Any CPU
		{EECC308C-FD02-458E-8FF1-18D72A3E724E}.Release|x86.Build.0 = Release|Any CPU
		{F1AC66D5-7D08-4262-8057-85635F858179}.Debug|Any CPU.ActiveCfg = Debug|Any CPU
		{F1AC66D5-7D08-4262-8057-85635F858179}.Debug|Any CPU.Build.0 = Debug|Any CPU
		{F1AC66D5-7D08-4262-8057-85635F858179}.Debug|x64.ActiveCfg = Debug|Any CPU
		{F1AC66D5-7D08-4262-8057-85635F858179}.Debug|x64.Build.0 = Debug|Any CPU
		{F1AC66D5-7D08-4262-8057-85635F858179}.Debug|x86.ActiveCfg = Debug|Any CPU
		{F1AC66D5-7D08-4262-8057-85635F858179}.Debug|x86.Build.0 = Debug|Any CPU
		{F1AC66D5-7D08-4262-8057-85635F858179}.Release|Any CPU.ActiveCfg = Release|Any CPU
		{F1AC66D5-7D08-4262-8057-85635F858179}.Release|Any CPU.Build.0 = Release|Any CPU
		{F1AC66D5-7D08-4262-8057-85635F858179}.Release|x64.ActiveCfg = Release|Any CPU
		{F1AC66D5-7D08-4262-8057-85635F858179}.Release|x64.Build.0 = Release|Any CPU
		{F1AC66D5-7D08-4262-8057-85635F858179}.Release|x86.ActiveCfg = Release|Any CPU
		{F1AC66D5-7D08-4262-8057-85635F858179}.Release|x86.Build.0 = Release|Any CPU
		{B99DCCCA-9B34-4929-B8C1-757ABB053C4A}.Debug|Any CPU.ActiveCfg = Debug|Any CPU
		{B99DCCCA-9B34-4929-B8C1-757ABB053C4A}.Debug|Any CPU.Build.0 = Debug|Any CPU
		{B99DCCCA-9B34-4929-B8C1-757ABB053C4A}.Debug|x64.ActiveCfg = Debug|Any CPU
		{B99DCCCA-9B34-4929-B8C1-757ABB053C4A}.Debug|x64.Build.0 = Debug|Any CPU
		{B99DCCCA-9B34-4929-B8C1-757ABB053C4A}.Debug|x86.ActiveCfg = Debug|Any CPU
		{B99DCCCA-9B34-4929-B8C1-757ABB053C4A}.Debug|x86.Build.0 = Debug|Any CPU
		{B99DCCCA-9B34-4929-B8C1-757ABB053C4A}.Release|Any CPU.ActiveCfg = Release|Any CPU
		{B99DCCCA-9B34-4929-B8C1-757ABB053C4A}.Release|Any CPU.Build.0 = Release|Any CPU
		{B99DCCCA-9B34-4929-B8C1-757ABB053C4A}.Release|x64.ActiveCfg = Release|Any CPU
		{B99DCCCA-9B34-4929-B8C1-757ABB053C4A}.Release|x64.Build.0 = Release|Any CPU
		{B99DCCCA-9B34-4929-B8C1-757ABB053C4A}.Release|x86.ActiveCfg = Release|Any CPU
		{B99DCCCA-9B34-4929-B8C1-757ABB053C4A}.Release|x86.Build.0 = Release|Any CPU
		{C99FF862-C296-45BC-B4B6-A510575AFB45}.Debug|Any CPU.ActiveCfg = Debug|Any CPU
		{C99FF862-C296-45BC-B4B6-A510575AFB45}.Debug|Any CPU.Build.0 = Debug|Any CPU
		{C99FF862-C296-45BC-B4B6-A510575AFB45}.Debug|x64.ActiveCfg = Debug|Any CPU
		{C99FF862-C296-45BC-B4B6-A510575AFB45}.Debug|x64.Build.0 = Debug|Any CPU
		{C99FF862-C296-45BC-B4B6-A510575AFB45}.Debug|x86.ActiveCfg = Debug|Any CPU
		{C99FF862-C296-45BC-B4B6-A510575AFB45}.Debug|x86.Build.0 = Debug|Any CPU
		{C99FF862-C296-45BC-B4B6-A510575AFB45}.Release|Any CPU.ActiveCfg = Release|Any CPU
		{C99FF862-C296-45BC-B4B6-A510575AFB45}.Release|Any CPU.Build.0 = Release|Any CPU
		{C99FF862-C296-45BC-B4B6-A510575AFB45}.Release|x64.ActiveCfg = Release|Any CPU
		{C99FF862-C296-45BC-B4B6-A510575AFB45}.Release|x64.Build.0 = Release|Any CPU
		{C99FF862-C296-45BC-B4B6-A510575AFB45}.Release|x86.ActiveCfg = Release|Any CPU
		{C99FF862-C296-45BC-B4B6-A510575AFB45}.Release|x86.Build.0 = Release|Any CPU
		{E567CAD2-5F00-49D3-8705-A0453C3C68D4}.Debug|Any CPU.ActiveCfg = Debug|Any CPU
		{E567CAD2-5F00-49D3-8705-A0453C3C68D4}.Debug|Any CPU.Build.0 = Debug|Any CPU
		{E567CAD2-5F00-49D3-8705-A0453C3C68D4}.Debug|x64.ActiveCfg = Debug|Any CPU
		{E567CAD2-5F00-49D3-8705-A0453C3C68D4}.Debug|x64.Build.0 = Debug|Any CPU
		{E567CAD2-5F00-49D3-8705-A0453C3C68D4}.Debug|x86.ActiveCfg = Debug|Any CPU
		{E567CAD2-5F00-49D3-8705-A0453C3C68D4}.Debug|x86.Build.0 = Debug|Any CPU
		{E567CAD2-5F00-49D3-8705-A0453C3C68D4}.Release|Any CPU.ActiveCfg = Release|Any CPU
		{E567CAD2-5F00-49D3-8705-A0453C3C68D4}.Release|Any CPU.Build.0 = Release|Any CPU
		{E567CAD2-5F00-49D3-8705-A0453C3C68D4}.Release|x64.ActiveCfg = Release|Any CPU
		{E567CAD2-5F00-49D3-8705-A0453C3C68D4}.Release|x64.Build.0 = Release|Any CPU
		{E567CAD2-5F00-49D3-8705-A0453C3C68D4}.Release|x86.ActiveCfg = Release|Any CPU
		{E567CAD2-5F00-49D3-8705-A0453C3C68D4}.Release|x86.Build.0 = Release|Any CPU
	EndGlobalSection
	GlobalSection(SolutionProperties) = preSolution
		HideSolutionNode = FALSE
	EndGlobalSection
	GlobalSection(NestedProjects) = preSolution
		{484BECB7-5340-4C46-A73B-EC4B97ECE38C} = {215D1AF5-4F65-4E05-97A6-52EEE85E4A63}
		{E567CAD2-5F00-49D3-8705-A0453C3C68D4} = {484BECB7-5340-4C46-A73B-EC4B97ECE38C}
	EndGlobalSection
EndGlobal
